// !$*UTF8*$!
{
	archiveVersion = 1;
	classes = {
	};
	objectVersion = 77;
	objects = {

/* Begin PBXBuildFile section */
		0A96880A1D53B9361150008B /* Assets.xcassets in Resources */ = {isa = PBXBuildFile; fileRef = 4CE225C700232F37C6686C2B /* Assets.xcassets */; };
		15C90FFD07CDA02A2A54069F /* MarkdownTextEditor.swift in Sources */ = {isa = PBXBuildFile; fileRef = ED8E9F41052D75E58D57EC70 /* MarkdownTextEditor.swift */; };
		1972A659E01462B101508999 /* JotListSheet.swift in Sources */ = {isa = PBXBuildFile; fileRef = 3AEA485AB4774E1FB53EEB1C /* JotListSheet.swift */; };
		4AFD60B7BCD0D664303C96D3 /* MergeSuggestionCard.swift in Sources */ = {isa = PBXBuildFile; fileRef = 6B0F1D7316164E2B9B0D3701 /* MergeSuggestionCard.swift */; };
		540E654F90BCDE24A2670571 /* SpeechRecognizer.swift in Sources */ = {isa = PBXBuildFile; fileRef = 88BB3CA159B6BDD1752FA673 /* SpeechRecognizer.swift */; };
		54A9C7245DDDB77625A6322B /* ContentView.swift in Sources */ = {isa = PBXBuildFile; fileRef = 89E6EEAC63B2C0EF423F5920 /* ContentView.swift */; };
		68B08D7AA5AB975A4389472C /* RichTextHelper.swift in Sources */ = {isa = PBXBuildFile; fileRef = B5435484140AC33709E3E475 /* RichTextHelper.swift */; };
		6EDDE66754C7FE920D5A7E01 /* JotCardView.swift in Sources */ = {isa = PBXBuildFile; fileRef = 47A4D92A2FA6E1933E086A5D /* JotCardView.swift */; };
		7B1F15F05C98275FA9681710 /* LinkPreviewCard.swift in Sources */ = {isa = PBXBuildFile; fileRef = 4626311E851F5A41A8A92AA7 /* LinkPreviewCard.swift */; };
		A3EC6828E6C3132FE2DD727F /* LinkPreviewFetcher.swift in Sources */ = {isa = PBXBuildFile; fileRef = 33C678A4B877E4C691D03E7C /* LinkPreviewFetcher.swift */; };
		A9F0B91B214612142BA353F5 /* SplashView.swift in Sources */ = {isa = PBXBuildFile; fileRef = DF5BE160A5CCDBEA98542949 /* SplashView.swift */; };
		C81F39E27D6BC2F25B468324 /* Jot.swift in Sources */ = {isa = PBXBuildFile; fileRef = 722B6C963845192B23F80352 /* Jot.swift */; };
		D1C029BB2D13A81F7EC1DDEB /* JotSimilarityAnalyzer.swift in Sources */ = {isa = PBXBuildFile; fileRef = F431B44201B9127E7F29BC4B /* JotSimilarityAnalyzer.swift */; };
		E37FBB683FCE9F06F321955F /* JotListRow.swift in Sources */ = {isa = PBXBuildFile; fileRef = EC2A3DF1524EEC4C9762719C /* JotListRow.swift */; };
		E9B113364D9AE2325339D422 /* JotJotiOSApp.swift in Sources */ = {isa = PBXBuildFile; fileRef = 1AEF46D87530945F560FDE37 /* JotJotiOSApp.swift */; };
/* End PBXBuildFile section */

/* Begin PBXFileReference section */
		1AEF46D87530945F560FDE37 /* JotJotiOSApp.swift */ = {isa = PBXFileReference; lastKnownFileType = sourcecode.swift; path = JotJotiOSApp.swift; sourceTree = "<group>"; };
		33C678A4B877E4C691D03E7C /* LinkPreviewFetcher.swift */ = {isa = PBXFileReference; lastKnownFileType = sourcecode.swift; path = LinkPreviewFetcher.swift; sourceTree = "<group>"; };
		3AEA485AB4774E1FB53EEB1C /* JotListSheet.swift */ = {isa = PBXFileReference; lastKnownFileType = sourcecode.swift; path = JotListSheet.swift; sourceTree = "<group>"; };
		4626311E851F5A41A8A92AA7 /* LinkPreviewCard.swift */ = {isa = PBXFileReference; lastKnownFileType = sourcecode.swift; path = LinkPreviewCard.swift; sourceTree = "<group>"; };
		47A4D92A2FA6E1933E086A5D /* JotCardView.swift */ = {isa = PBXFileReference; lastKnownFileType = sourcecode.swift; path = JotCardView.swift; sourceTree = "<group>"; };
		4CE225C700232F37C6686C2B /* Assets.xcassets */ = {isa = PBXFileReference; lastKnownFileType = folder.assetcatalog; path = Assets.xcassets; sourceTree = "<group>"; };
		6B0F1D7316164E2B9B0D3701 /* MergeSuggestionCard.swift */ = {isa = PBXFileReference; lastKnownFileType = sourcecode.swift; path = MergeSuggestionCard.swift; sourceTree = "<group>"; };
		722B6C963845192B23F80352 /* Jot.swift */ = {isa = PBXFileReference; lastKnownFileType = sourcecode.swift; path = Jot.swift; sourceTree = "<group>"; };
		88BB3CA159B6BDD1752FA673 /* SpeechRecognizer.swift */ = {isa = PBXFileReference; lastKnownFileType = sourcecode.swift; path = SpeechRecognizer.swift; sourceTree = "<group>"; };
		89E6EEAC63B2C0EF423F5920 /* ContentView.swift */ = {isa = PBXFileReference; lastKnownFileType = sourcecode.swift; path = ContentView.swift; sourceTree = "<group>"; };
		B5435484140AC33709E3E475 /* RichTextHelper.swift */ = {isa = PBXFileReference; lastKnownFileType = sourcecode.swift; path = RichTextHelper.swift; sourceTree = "<group>"; };
		DF5BE160A5CCDBEA98542949 /* SplashView.swift */ = {isa = PBXFileReference; lastKnownFileType = sourcecode.swift; path = SplashView.swift; sourceTree = "<group>"; };
		EC2A3DF1524EEC4C9762719C /* JotListRow.swift */ = {isa = PBXFileReference; lastKnownFileType = sourcecode.swift; path = JotListRow.swift; sourceTree = "<group>"; };
		ED8E9F41052D75E58D57EC70 /* MarkdownTextEditor.swift */ = {isa = PBXFileReference; lastKnownFileType = sourcecode.swift; path = MarkdownTextEditor.swift; sourceTree = "<group>"; };
		F431B44201B9127E7F29BC4B /* JotSimilarityAnalyzer.swift */ = {isa = PBXFileReference; lastKnownFileType = sourcecode.swift; path = JotSimilarityAnalyzer.swift; sourceTree = "<group>"; };
		F9AC7018D2B79FC8FFD739B1 /* JotJotiOS.app */ = {isa = PBXFileReference; includeInIndex = 0; lastKnownFileType = wrapper.application; path = JotJotiOS.app; sourceTree = BUILT_PRODUCTS_DIR; };
/* End PBXFileReference section */

/* Begin PBXGroup section */
		0D235249E6BD881C7FBC6C28 /* Products */ = {
			isa = PBXGroup;
			children = (
				F9AC7018D2B79FC8FFD739B1 /* JotJotiOS.app */,
			);
			name = Products;
			sourceTree = "<group>";
		};
		5CF08E83DA4EEA715FEFC6BD = {
			isa = PBXGroup;
			children = (
				C1F560D6D0B4CE5AC6C7EC45 /* Resources */,
				BB0051C497DF7DA6B30ACE1F /* Sources */,
				A76394EAC0C638337F1CC8A9 /* Sources */,
				0D235249E6BD881C7FBC6C28 /* Products */,
			);
			sourceTree = "<group>";
		};
		A76394EAC0C638337F1CC8A9 /* Sources */ = {
			isa = PBXGroup;
			children = (
				722B6C963845192B23F80352 /* Jot.swift */,
				B5435484140AC33709E3E475 /* RichTextHelper.swift */,
			);
			name = Sources;
			path = ../JotJotKit/Sources;
			sourceTree = "<group>";
		};
		BB0051C497DF7DA6B30ACE1F /* Sources */ = {
			isa = PBXGroup;
			children = (
				89E6EEAC63B2C0EF423F5920 /* ContentView.swift */,
				47A4D92A2FA6E1933E086A5D /* JotCardView.swift */,
				1AEF46D87530945F560FDE37 /* JotJotiOSApp.swift */,
				EC2A3DF1524EEC4C9762719C /* JotListRow.swift */,
				3AEA485AB4774E1FB53EEB1C /* JotListSheet.swift */,
				F431B44201B9127E7F29BC4B /* JotSimilarityAnalyzer.swift */,
				4626311E851F5A41A8A92AA7 /* LinkPreviewCard.swift */,
				33C678A4B877E4C691D03E7C /* LinkPreviewFetcher.swift */,
				ED8E9F41052D75E58D57EC70 /* MarkdownTextEditor.swift */,
				6B0F1D7316164E2B9B0D3701 /* MergeSuggestionCard.swift */,
				88BB3CA159B6BDD1752FA673 /* SpeechRecognizer.swift */,
				DF5BE160A5CCDBEA98542949 /* SplashView.swift */,
			);
			path = Sources;
			sourceTree = "<group>";
		};
		C1F560D6D0B4CE5AC6C7EC45 /* Resources */ = {
			isa = PBXGroup;
			children = (
				4CE225C700232F37C6686C2B /* Assets.xcassets */,
			);
			path = Resources;
			sourceTree = "<group>";
		};
/* End PBXGroup section */

/* Begin PBXNativeTarget section */
		434565B1D47DB33C5EEE00AD /* JotJotiOS */ = {
			isa = PBXNativeTarget;
			buildConfigurationList = A20D06A5702F393B072812A3 /* Build configuration list for PBXNativeTarget "JotJotiOS" */;
			buildPhases = (
				DA6CE86B7EA22AD109F28405 /* Sources */,
				05D6D3FAAE4CC4E614CDB404 /* Resources */,
			);
			buildRules = (
			);
			dependencies = (
			);
			name = JotJotiOS;
			packageProductDependencies = (
			);
			productName = JotJotiOS;
			productReference = F9AC7018D2B79FC8FFD739B1 /* JotJotiOS.app */;
			productType = "com.apple.product-type.application";
		};
/* End PBXNativeTarget section */

/* Begin PBXProject section */
		16D33A206307A843D6409E7E /* Project object */ = {
			isa = PBXProject;
			attributes = {
				BuildIndependentTargetsInParallel = YES;
				LastUpgradeCheck = 1600;
				TargetAttributes = {
					434565B1D47DB33C5EEE00AD = {
						DevelopmentTeam = P2GN9QW8E5;
						ProvisioningStyle = Automatic;
						SystemCapabilities = {
							com.apple.iCloud = {
								enabled = 1;
							};
						};
					};
				};
			};
			buildConfigurationList = 85574DC798F8EA4AD3BD6B8B /* Build configuration list for PBXProject "JotJotiOS" */;
			compatibilityVersion = "Xcode 14.0";
			developmentRegion = en;
			hasScannedForEncodings = 0;
			knownRegions = (
				Base,
				en,
			);
			mainGroup = 5CF08E83DA4EEA715FEFC6BD;
			minimizedProjectReferenceProxies = 1;
			preferredProjectObjectVersion = 77;
			projectDirPath = "";
			projectRoot = "";
			targets = (
				434565B1D47DB33C5EEE00AD /* JotJotiOS */,
			);
		};
/* End PBXProject section */

/* Begin PBXResourcesBuildPhase section */
		05D6D3FAAE4CC4E614CDB404 /* Resources */ = {
			isa = PBXResourcesBuildPhase;
			buildActionMask = 2147483647;
			files = (
				0A96880A1D53B9361150008B /* Assets.xcassets in Resources */,
			);
			runOnlyForDeploymentPostprocessing = 0;
		};
/* End PBXResourcesBuildPhase section */

/* Begin PBXSourcesBuildPhase section */
		DA6CE86B7EA22AD109F28405 /* Sources */ = {
			isa = PBXSourcesBuildPhase;
			buildActionMask = 2147483647;
			files = (
				54A9C7245DDDB77625A6322B /* ContentView.swift in Sources */,
				C81F39E27D6BC2F25B468324 /* Jot.swift in Sources */,
				6EDDE66754C7FE920D5A7E01 /* JotCardView.swift in Sources */,
				E9B113364D9AE2325339D422 /* JotJotiOSApp.swift in Sources */,
				E37FBB683FCE9F06F321955F /* JotListRow.swift in Sources */,
				1972A659E01462B101508999 /* JotListSheet.swift in Sources */,
				D1C029BB2D13A81F7EC1DDEB /* JotSimilarityAnalyzer.swift in Sources */,
				7B1F15F05C98275FA9681710 /* LinkPreviewCard.swift in Sources */,
				A3EC6828E6C3132FE2DD727F /* LinkPreviewFetcher.swift in Sources */,
				15C90FFD07CDA02A2A54069F /* MarkdownTextEditor.swift in Sources */,
				4AFD60B7BCD0D664303C96D3 /* MergeSuggestionCard.swift in Sources */,
				68B08D7AA5AB975A4389472C /* RichTextHelper.swift in Sources */,
				540E654F90BCDE24A2670571 /* SpeechRecognizer.swift in Sources */,
				A9F0B91B214612142BA353F5 /* SplashView.swift in Sources */,
			);
			runOnlyForDeploymentPostprocessing = 0;
		};
/* End PBXSourcesBuildPhase section */

/* Begin XCBuildConfiguration section */
		4DDA6CAE470F4D1FE4CD1E42 /* Debug */ = {
			isa = XCBuildConfiguration;
			buildSettings = {
				ASSETCATALOG_COMPILER_APPICON_NAME = AppIcon;
				CODE_SIGN_ENTITLEMENTS = Resources/JotJot.entitlements;
				CODE_SIGN_IDENTITY = "iPhone Developer";
				CODE_SIGN_STYLE = Automatic;
				CURRENT_PROJECT_VERSION = 1;
				DEVELOPMENT_TEAM = P2GN9QW8E5;
				GENERATE_INFOPLIST_FILE = YES;
				INFOPLIST_KEY_NSMicrophoneUsageDescription = "JotJot 需要麦克风权限来录制语音并转换为文字";
				INFOPLIST_KEY_NSSpeechRecognitionUsageDescription = "JotJot 需要语音识别权限来将您的语音转换为文字";
				INFOPLIST_KEY_UILaunchScreen_Generation = YES;
				INFOPLIST_KEY_UIStatusBarStyle = UIStatusBarStyleDefault;
				INFOPLIST_KEY_UISupportedInterfaceOrientations = UIInterfaceOrientationPortrait;
				LD_RUNPATH_SEARCH_PATHS = (
					"$(inherited)",
					"@executable_path/Frameworks",
				);
				MARKETING_VERSION = 1.0.0;
				PRODUCT_BUNDLE_IDENTIFIER = com.kenefe.jotjot;
				PRODUCT_NAME = JotJot;
				SDKROOT = iphoneos;
				SWIFT_VERSION = 5.9;
				TARGETED_DEVICE_FAMILY = "1,2";
			};
			name = Debug;
		};
		50423B7F5E9669127BBF6BC2 /* Debug */ = {
			isa = XCBuildConfiguration;
			buildSettings = {
				ALWAYS_SEARCH_USER_PATHS = NO;
				CLANG_ANALYZER_NONNULL = YES;
				CLANG_ANALYZER_NUMBER_OBJECT_CONVERSION = YES_AGGRESSIVE;
				CLANG_CXX_LANGUAGE_STANDARD = "gnu++14";
				CLANG_CXX_LIBRARY = "libc++";
				CLANG_ENABLE_MODULES = YES;
				CLANG_ENABLE_OBJC_ARC = YES;
				CLANG_ENABLE_OBJC_WEAK = YES;
				CLANG_WARN_BLOCK_CAPTURE_AUTORELEASING = YES;
				CLANG_WARN_BOOL_CONVERSION = YES;
				CLANG_WARN_COMMA = YES;
				CLANG_WARN_CONSTANT_CONVERSION = YES;
				CLANG_WARN_DEPRECATED_OBJC_IMPLEMENTATIONS = YES;
				CLANG_WARN_DIRECT_OBJC_ISA_USAGE = YES_ERROR;
				CLANG_WARN_DOCUMENTATION_COMMENTS = YES;
				CLANG_WARN_EMPTY_BODY = YES;
				CLANG_WARN_ENUM_CONVERSION = YES;
				CLANG_WARN_INFINITE_RECURSION = YES;
				CLANG_WARN_INT_CONVERSION = YES;
				CLANG_WARN_NON_LITERAL_NULL_CONVERSION = YES;
				CLANG_WARN_OBJC_IMPLICIT_RETAIN_SELF = YES;
				CLANG_WARN_OBJC_LITERAL_CONVERSION = YES;
				CLANG_WARN_OBJC_ROOT_CLASS = YES_ERROR;
				CLANG_WARN_QUOTED_INCLUDE_IN_FRAMEWORK_HEADER = YES;
				CLANG_WARN_RANGE_LOOP_ANALYSIS = YES;
				CLANG_WARN_STRICT_PROTOTYPES = YES;
				CLANG_WARN_SUSPICIOUS_MOVE = YES;
				CLANG_WARN_UNGUARDED_AVAILABILITY = YES_AGGRESSIVE;
				CLANG_WARN_UNREACHABLE_CODE = YES;
				CLANG_WARN__DUPLICATE_METHOD_MATCH = YES;
				COPY_PHASE_STRIP = NO;
				DEBUG_INFORMATION_FORMAT = dwarf;
				ENABLE_STRICT_OBJC_MSGSEND = YES;
				ENABLE_TESTABILITY = YES;
				GCC_C_LANGUAGE_STANDARD = gnu11;
				GCC_DYNAMIC_NO_PIC = NO;
				GCC_NO_COMMON_BLOCKS = YES;
				GCC_OPTIMIZATION_LEVEL = 0;
				GCC_PREPROCESSOR_DEFINITIONS = (
					"$(inherited)",
					"DEBUG=1",
				);
				GCC_WARN_64_TO_32_BIT_CONVERSION = YES;
				GCC_WARN_ABOUT_RETURN_TYPE = YES_ERROR;
				GCC_WARN_UNDECLARED_SELECTOR = YES;
				GCC_WARN_UNINITIALIZED_AUTOS = YES_AGGRESSIVE;
				GCC_WARN_UNUSED_FUNCTION = YES;
				GCC_WARN_UNUSED_VARIABLE = YES;
				IPHONEOS_DEPLOYMENT_TARGET = 17.0;
				MTL_ENABLE_DEBUG_INFO = INCLUDE_SOURCE;
				MTL_FAST_MATH = YES;
				ONLY_ACTIVE_ARCH = YES;
				PRODUCT_NAME = "$(TARGET_NAME)";
				SDKROOT = iphoneos;
				SWIFT_ACTIVE_COMPILATION_CONDITIONS = DEBUG;
				SWIFT_OPTIMIZATION_LEVEL = "-Onone";
				SWIFT_VERSION = 5.0;
			};
			name = Debug;
		};
		61165E1FDB8F8149C13FF5D1 /* Release */ = {
			isa = XCBuildConfiguration;
			buildSettings = {
				ASSETCATALOG_COMPILER_APPICON_NAME = AppIcon;
				CODE_SIGN_ENTITLEMENTS = Resources/JotJot.entitlements;
				CODE_SIGN_IDENTITY = "iPhone Developer";
				CODE_SIGN_STYLE = Automatic;
				CURRENT_PROJECT_VERSION = 1;
				DEVELOPMENT_TEAM = P2GN9QW8E5;
				GENERATE_INFOPLIST_FILE = YES;
				INFOPLIST_KEY_NSMicrophoneUsageDescription = "JotJot 需要麦克风权限来录制语音并转换为文字";
				INFOPLIST_KEY_NSSpeechRecognitionUsageDescription = "JotJot 需要语音识别权限来将您的语音转换为文字";
				INFOPLIST_KEY_UILaunchScreen_Generation = YES;
				INFOPLIST_KEY_UIStatusBarStyle = UIStatusBarStyleDefault;
				INFOPLIST_KEY_UISupportedInterfaceOrientations = UIInterfaceOrientationPortrait;
				LD_RUNPATH_SEARCH_PATHS = (
					"$(inherited)",
					"@executable_path/Frameworks",
				);
				MARKETING_VERSION = 1.0.0;
				PRODUCT_BUNDLE_IDENTIFIER = com.kenefe.jotjot;
				PRODUCT_NAME = JotJot;
				SDKROOT = iphoneos;
				SWIFT_VERSION = 5.9;
				TARGETED_DEVICE_FAMILY = "1,2";
			};
			name = Release;
		};
		F9FB11FC161237E81DF5CF8F /* Release */ = {
			isa = XCBuildConfiguration;
			buildSettings = {
				ALWAYS_SEARCH_USER_PATHS = NO;
				CLANG_ANALYZER_NONNULL = YES;
				CLANG_ANALYZER_NUMBER_OBJECT_CONVERSION = YES_AGGRESSIVE;
				CLANG_CXX_LANGUAGE_STANDARD = "gnu++14";
				CLANG_CXX_LIBRARY = "libc++";
				CLANG_ENABLE_MODULES = YES;
				CLANG_ENABLE_OBJC_ARC = YES;
				CLANG_ENABLE_OBJC_WEAK = YES;
				CLANG_WARN_BLOCK_CAPTURE_AUTORELEASING = YES;
				CLANG_WARN_BOOL_CONVERSION = YES;
				CLANG_WARN_COMMA = YES;
				CLANG_WARN_CONSTANT_CONVERSION = YES;
				CLANG_WARN_DEPRECATED_OBJC_IMPLEMENTATIONS = YES;
				CLANG_WARN_DIRECT_OBJC_ISA_USAGE = YES_ERROR;
				CLANG_WARN_DOCUMENTATION_COMMENTS = YES;
				CLANG_WARN_EMPTY_BODY = YES;
				CLANG_WARN_ENUM_CONVERSION = YES;
				CLANG_WARN_INFINITE_RECURSION = YES;
				CLANG_WARN_INT_CONVERSION = YES;
				CLANG_WARN_NON_LITERAL_NULL_CONVERSION = YES;
				CLANG_WARN_OBJC_IMPLICIT_RETAIN_SELF = YES;
				CLANG_WARN_OBJC_LITERAL_CONVERSION = YES;
				CLANG_WARN_OBJC_ROOT_CLASS = YES_ERROR;
				CLANG_WARN_QUOTED_INCLUDE_IN_FRAMEWORK_HEADER = YES;
				CLANG_WARN_RANGE_LOOP_ANALYSIS = YES;
				CLANG_WARN_STRICT_PROTOTYPES = YES;
				CLANG_WARN_SUSPICIOUS_MOVE = YES;
				CLANG_WARN_UNGUARDED_AVAILABILITY = YES_AGGRESSIVE;
				CLANG_WARN_UNREACHABLE_CODE = YES;
				CLANG_WARN__DUPLICATE_METHOD_MATCH = YES;
				COPY_PHASE_STRIP = NO;
				DEBUG_INFORMATION_FORMAT = "dwarf-with-dsym";
				ENABLE_NS_ASSERTIONS = NO;
				ENABLE_STRICT_OBJC_MSGSEND = YES;
				GCC_C_LANGUAGE_STANDARD = gnu11;
				GCC_NO_COMMON_BLOCKS = YES;
				GCC_WARN_64_TO_32_BIT_CONVERSION = YES;
				GCC_WARN_ABOUT_RETURN_TYPE = YES_ERROR;
				GCC_WARN_UNDECLARED_SELECTOR = YES;
				GCC_WARN_UNINITIALIZED_AUTOS = YES_AGGRESSIVE;
				GCC_WARN_UNUSED_FUNCTION = YES;
				GCC_WARN_UNUSED_VARIABLE = YES;
				IPHONEOS_DEPLOYMENT_TARGET = 17.0;
				MTL_ENABLE_DEBUG_INFO = NO;
				MTL_FAST_MATH = YES;
				PRODUCT_NAME = "$(TARGET_NAME)";
				SDKROOT = iphoneos;
				SWIFT_COMPILATION_MODE = wholemodule;
				SWIFT_OPTIMIZATION_LEVEL = "-O";
				SWIFT_VERSION = 5.0;
			};
			name = Release;
		};
/* End XCBuildConfiguration section */

/* Begin XCConfigurationList section */
		85574DC798F8EA4AD3BD6B8B /* Build configuration list for PBXProject "JotJotiOS" */ = {
			isa = XCConfigurationList;
			buildConfigurations = (
				50423B7F5E9669127BBF6BC2 /* Debug */,
				F9FB11FC161237E81DF5CF8F /* Release */,
			);
			defaultConfigurationIsVisible = 0;
			defaultConfigurationName = Debug;
		};
		A20D06A5702F393B072812A3 /* Build configuration list for PBXNativeTarget "JotJotiOS" */ = {
			isa = XCConfigurationList;
			buildConfigurations = (
				4DDA6CAE470F4D1FE4CD1E42 /* Debug */,
				61165E1FDB8F8149C13FF5D1 /* Release */,
			);
			defaultConfigurationIsVisible = 0;
			defaultConfigurationName = Debug;
		};
/* End XCConfigurationList section */
	};
	rootObject = 16D33A206307A843D6409E7E /* Project object */;
}
